<?xml version="1.0" encoding="utf-8"?>
<Project ToolsVersion="4.0" xmlns="http://schemas.microsoft.com/developer/msbuild/2003">
  <ItemGroup>
    <Filter Include="Source Files">
      <UniqueIdentifier>{4FC737F1-C7A5-4376-A066-2A32D752A2FF}</UniqueIdentifier>
      <Extensions>cpp;c;cc;cxx;def;odl;idl;hpj;bat;asm;asmx</Extensions>
    </Filter>
    <Filter Include="Header Files">
      <UniqueIdentifier>{93995380-89BD-4b04-88EB-625FBE52EBFB}</UniqueIdentifier>
      <Extensions>h;hh;hpp;hxx;hm;inl;inc;xsd</Extensions>
    </Filter>
    <Filter Include="Resource Files">
      <UniqueIdentifier>{67DA6AB6-F800-4c08-8B7A-83BB121AAD01}</UniqueIdentifier>
      <Extensions>rc;ico;cur;bmp;dlg;rc2;rct;bin;rgs;gif;jpg;jpeg;jpe;resx;tiff;tif;png;wav;mfcribbon-ms</Extensions>
    </Filter>
    <Filter Include="Source Files\packets">
      <UniqueIdentifier>{7999c85f-fa16-4e55-b356-4ce633e9a7eb}</UniqueIdentifier>
    </Filter>
    <Filter Include="Header Files\packets">
      <UniqueIdentifier>{c700ff96-417a-4b35-a3d5-adbe9396b6a9}</UniqueIdentifier>
    </Filter>
    <Filter Include="Header Files\lib">
      <UniqueIdentifier>{15438696-26f6-4da8-9c5e-ddc395351345}</UniqueIdentifier>
    </Filter>
    <Filter Include="Source Files\lib">
      <UniqueIdentifier>{32807baf-00c5-42fb-abb4-98a9107c36ee}</UniqueIdentifier>
    </Filter>
    <Filter Include="test">
      <UniqueIdentifier>{abca0be1-3599-45ed-88e9-0bfde9550f9c}</UniqueIdentifier>
    </Filter>
  </ItemGroup>
  <ItemGroup>
    <ClCompile Include="..\..\..\src\main.cpp">
      <Filter>Source Files</Filter>
    </ClCompile>
    <ClCompile Include="..\..\..\src\server.cpp">
      <Filter>Source Files</Filter>
    </ClCompile>
    <ClCompile Include="..\..\..\src\player.cpp">
      <Filter>Source Files</Filter>
    </ClCompile>
    <ClCompile Include="..\..\..\src\packets\packet.cpp">
      <Filter>Source Files\packets</Filter>
    </ClCompile>
    <ClCompile Include="..\..\..\src\packet_handler.cpp">
      <Filter>Source Files</Filter>
    </ClCompile>
    <ClCompile Include="..\..\..\src\lib\malloc.cpp">
      <Filter>Source Files\lib</Filter>
    </ClCompile>
    <ClCompile Include="..\..\..\src\lib\showmsg.cpp">
      <Filter>Source Files\lib</Filter>
    </ClCompile>
    <ClCompile Include="..\..\..\src\lib\socket.cpp">
      <Filter>Source Files\lib</Filter>
    </ClCompile>
    <ClCompile Include="..\..\..\src\lib\sql.cpp">
      <Filter>Source Files\lib</Filter>
    </ClCompile>
    <ClCompile Include="..\..\..\src\lib\strlib.cpp">
      <Filter>Source Files\lib</Filter>
    </ClCompile>
    <ClCompile Include="..\..\..\src\lib\taskmgr.cpp">
      <Filter>Source Files\lib</Filter>
    </ClCompile>
    <ClCompile Include="..\..\..\src\lib\timer.cpp">
      <Filter>Source Files\lib</Filter>
    </ClCompile>
    <ClCompile Include="..\..\..\src\lib\utils.cpp">
      <Filter>Source Files\lib</Filter>
    </ClCompile>
    <ClCompile Include="..\..\..\src\packets\login.cpp">
      <Filter>Source Files\packets</Filter>
    </ClCompile>
    <ClCompile Include="..\..\..\src\packets\account_creation.cpp">
      <Filter>Source Files\packets</Filter>
    </ClCompile>
    <ClCompile Include="..\..\..\src\lobby.cpp">
      <Filter>Source Files</Filter>
    </ClCompile>
    <ClCompile Include="..\..\..\src\packets\lobby_update.cpp">
      <Filter>Source Files\packets</Filter>
    </ClCompile>
    <ClCompile Include="..\..\..\src\packets\lobby_chat.cpp">
      <Filter>Source Files\packets</Filter>
    </ClCompile>
    <ClCompile Include="..\..\..\src\packets\lobby_countdown.cpp">
      <Filter>Source Files\packets</Filter>
    </ClCompile>
    <ClCompile Include="..\..\..\src\packets\post_game.cpp">
      <Filter>Source Files\packets</Filter>
    </ClCompile>
    <ClCompile Include="..\..\..\src\game.cpp">
      <Filter>Source Files</Filter>
    </ClCompile>
    <ClCompile Include="..\..\..\src\packets\game_load.cpp">
      <Filter>Source Files\packets</Filter>
    </ClCompile>
    <ClCompile Include="..\..\..\src\packets\entity_update.cpp">
      <Filter>Source Files\packets</Filter>
    </ClCompile>
    <ClCompile Include="..\..\..\src\packets\player_definition.cpp">
      <Filter>Source Files\packets</Filter>
    </ClCompile>
    <ClCompile Include="..\..\..\src\packets\turn_change.cpp">
      <Filter>Source Files\packets</Filter>
    </ClCompile>
    <ClCompile Include="..\..\..\src\packets\player_update.cpp">
      <Filter>Source Files\packets</Filter>
    </ClCompile>
    <ClCompile Include="..\..\..\src\packets\player_defeated.cpp">
      <Filter>Source Files\packets</Filter>
    </ClCompile>
    <ClCompile Include="..\..\..\src\packets\game_over.cpp">
      <Filter>Source Files\packets</Filter>
    </ClCompile>
    <ClCompile Include="..\..\..\src\packets\lobby_list.cpp">
      <Filter>Source Files\packets</Filter>
    </ClCompile>
    <ClCompile Include="..\..\..\src\packets\action.cpp">
      <Filter>Source Files\packets</Filter>
    </ClCompile>
    <ClCompile Include="..\..\..\src\TerrainBuilder.cpp">
      <Filter>Source Files</Filter>
    </ClCompile>
    <ClCompile Include="..\..\..\src\Unit.cpp">
      <Filter>Source Files</Filter>
    </ClCompile>
    <ClCompile Include="..\..\..\src\UnitBuilder.cpp">
      <Filter>Source Files</Filter>
    </ClCompile>
    <ClCompile Include="..\..\..\src\Terrain.cpp">
      <Filter>Source Files</Filter>
    </ClCompile>
    <ClCompile Include="..\..\..\src\test\test.cpp">
      <Filter>test</Filter>
    </ClCompile>
    <ClCompile Include="..\..\..\src\test\testUnit.cpp">
      <Filter>test</Filter>
    </ClCompile>
    <ClCompile Include="..\..\..\src\Map.cpp">
      <Filter>Source Files</Filter>
    </ClCompile>
    <ClCompile Include="..\..\..\src\test\testTerrain.cpp">
      <Filter>test</Filter>
    </ClCompile>
    <ClCompile Include="..\..\..\src\test\testMap.cpp">
      <Filter>test</Filter>
    </ClCompile>
    <ClCompile Include="..\..\..\src\moveValidator.cpp">
      <Filter>Source Files</Filter>
    </ClCompile>
    <ClCompile Include="..\..\..\src\MapBuilder.cpp">
      <Filter>Source Files</Filter>
    </ClCompile>
    <ClCompile Include="..\..\..\src\damageCalculator.cpp">
      <Filter>Source Files</Filter>
    </ClCompile>
  </ItemGroup>
  <ItemGroup>
    <ClInclude Include="..\..\..\src\server.h">
      <Filter>Header Files</Filter>
    </ClInclude>
    <ClInclude Include="..\..\..\src\player.h">
      <Filter>Header Files</Filter>
    </ClInclude>
    <ClInclude Include="..\..\..\src\packets\packet.h">
      <Filter>Header Files\packets</Filter>
    </ClInclude>
    <ClInclude Include="..\..\..\src\packet_handler.h">
      <Filter>Header Files</Filter>
    </ClInclude>
    <ClInclude Include="..\..\..\src\lib\cbasetypes.h">
      <Filter>Header Files\lib</Filter>
    </ClInclude>
    <ClInclude Include="..\..\..\src\lib\malloc.h">
      <Filter>Header Files\lib</Filter>
    </ClInclude>
    <ClInclude Include="..\..\..\src\lib\showmsg.h">
      <Filter>Header Files\lib</Filter>
    </ClInclude>
    <ClInclude Include="..\..\..\src\lib\socket.h">
      <Filter>Header Files\lib</Filter>
    </ClInclude>
    <ClInclude Include="..\..\..\src\lib\sql.h">
      <Filter>Header Files\lib</Filter>
    </ClInclude>
    <ClInclude Include="..\..\..\src\lib\strlib.h">
      <Filter>Header Files\lib</Filter>
    </ClInclude>
    <ClInclude Include="..\..\..\src\lib\taskmgr.h">
      <Filter>Header Files\lib</Filter>
    </ClInclude>
    <ClInclude Include="..\..\..\src\lib\timer.h">
      <Filter>Header Files\lib</Filter>
    </ClInclude>
    <ClInclude Include="..\..\..\src\lib\utils.h">
      <Filter>Header Files\lib</Filter>
    </ClInclude>
    <ClInclude Include="..\..\..\src\packets\login.h">
      <Filter>Header Files\packets</Filter>
    </ClInclude>
    <ClInclude Include="..\..\..\src\packets\account_creation.h">
      <Filter>Header Files\packets</Filter>
    </ClInclude>
    <ClInclude Include="..\..\..\src\packets\lobby_update.h">
      <Filter>Header Files\packets</Filter>
    </ClInclude>
    <ClInclude Include="..\..\..\src\lobby.h">
      <Filter>Header Files</Filter>
    </ClInclude>
    <ClInclude Include="..\..\..\src\packets\lobby_chat.h">
      <Filter>Header Files\packets</Filter>
    </ClInclude>
    <ClInclude Include="..\..\..\src\packets\lobby_countdown.h">
      <Filter>Header Files\packets</Filter>
    </ClInclude>
    <ClInclude Include="..\..\..\src\packets\post_game.h">
      <Filter>Header Files\packets</Filter>
    </ClInclude>
    <ClInclude Include="..\..\..\src\game.h">
      <Filter>Header Files</Filter>
    </ClInclude>
    <ClInclude Include="..\..\..\src\packets\game_load.h">
      <Filter>Header Files\packets</Filter>
    </ClInclude>
    <ClInclude Include="..\..\..\src\packets\entity_update.h">
      <Filter>Header Files\packets</Filter>
    </ClInclude>
    <ClInclude Include="..\..\..\src\packets\player_definition.h">
      <Filter>Header Files\packets</Filter>
    </ClInclude>
    <ClInclude Include="..\..\..\src\packets\turn_change.h">
      <Filter>Header Files\packets</Filter>
    </ClInclude>
    <ClInclude Include="..\..\..\src\packets\player_update.h">
      <Filter>Header Files\packets</Filter>
    </ClInclude>
    <ClInclude Include="..\..\..\src\packets\player_defeated.h">
      <Filter>Header Files\packets</Filter>
    </ClInclude>
    <ClInclude Include="..\..\..\src\packets\game_over.h">
      <Filter>Header Files\packets</Filter>
    </ClInclude>
    <ClInclude Include="..\..\..\src\packets\lobby_list.h">
      <Filter>Header Files\packets</Filter>
    </ClInclude>
    <ClInclude Include="..\..\..\src\packets\action.h">
      <Filter>Header Files\packets</Filter>
    </ClInclude>
    <ClInclude Include="..\..\..\src\Map.h">
      <Filter>Header Files</Filter>
    </ClInclude>
    <ClInclude Include="..\..\..\src\TypeEnums.h">
      <Filter>Header Files</Filter>
    </ClInclude>
    <ClInclude Include="..\..\..\src\Unit.h">
      <Filter>Header Files</Filter>
    </ClInclude>
    <ClInclude Include="..\..\..\src\UnitBuilder.h">
      <Filter>Header Files</Filter>
    </ClInclude>
    <ClInclude Include="..\..\..\src\Terrain.h">
      <Filter>Header Files</Filter>
    </ClInclude>
    <ClInclude Include="..\..\..\src\TerrainBuilder.h">
      <Filter>Header Files</Filter>
    </ClInclude>
    <ClInclude Include="..\..\..\src\test\test.h">
      <Filter>test</Filter>
    </ClInclude>
    <ClInclude Include="..\..\..\src\moveValidator.h">
      <Filter>Header Files</Filter>
    </ClInclude>
    <ClInclude Include="..\..\..\src\MapBuilder.h">
      <Filter>Header Files</Filter>
    </ClInclude>
    <ClInclude Include="..\..\..\src\damageCalculator.h">
      <Filter>Header Files</Filter>
    </ClInclude>
  </ItemGroup>
</Project>